
Microsoft Visual Studio Solution File, Format Version 12.00
# Visual Studio 14
VisualStudioVersion = 14.0.25420.1
MinimumVisualStudioVersion = 10.0.40219.1
Project("{FAE04EC0-301F-11D3-BF4B-00C04F79EFBC}") = "WebAPI_PatchExample", "WebAPI_PatchExample\WebAPI_PatchExample.csproj", "{9BC11622-AD65-4F7A-A4AF-375D211B23CC}"
EndProject
Project("{FAE04EC0-301F-11D3-BF4B-00C04F79EFBC}") = "PatchExampleDataLayer", "PatchExampleDataLayer\PatchExampleDataLayer.csproj", "{710C8722-7B3C-41EA-91D7-913BBEC15670}"
EndProject
Global
	GlobalSection(SolutionConfigurationPlatforms) = preSolution
		Debug|Any CPU = Debug|Any CPU
		Release|Any CPU = Release|Any CPU
	EndGlobalSection
	GlobalSection(ProjectConfigurationPlatforms) = postSolution
		{9BC11622-AD65-4F7A-A4AF-375D211B23CC}.Debug|Any CPU.ActiveCfg = Debug|Any CPU
		{9BC11622-AD65-4F7A-A4AF-375D211B23CC}.Debug|Any CPU.Build.0 = Debug|Any CPU
		{9BC11622-AD65-4F7A-A4AF-375D211B23CC}.Release|Any CPU.ActiveCfg = Release|Any CPU
		{9BC11622-AD65-4F7A-A4AF-375D211B23CC}.Release|Any CPU.Build.0 = Release|Any CPU
		{710C8722-7B3C-41EA-91D7-913BBEC15670}.Debug|Any CPU.ActiveCfg = Debug|Any CPU
		{710C8722-7B3C-41EA-91D7-913BBEC15670}.Debug|Any CPU.Build.0 = Debug|Any CPU
		{710C8722-7B3C-41EA-91D7-913BBEC15670}.Release|Any CPU.ActiveCfg = Release|Any CPU
		{710C8722-7B3C-41EA-91D7-913BBEC15670}.Release|Any CPU.Build.0 = Release|Any CPU
	EndGlobalSection
	GlobalSection(SolutionProperties) = preSolution
		HideSolutionNode = FALSE
	EndGlobalSection
	GlobalSection(TeamFoundationVersionControl) = preSolution
		SccNumberOfProjects = 3
		SccEnterpriseProvider = {4CA58AB2-18FA-4F8D-95D4-32DDF27D184C}
		SccTeamFoundationServer = https://alexluy.visualstudio.com/defaultcollection
		SccLocalPath0 = .
		SccProjectUniqueName1 = WebAPI_PatchExample\\WebAPI_PatchExample.csproj
		SccProjectName1 = WebAPI_PatchExample
		SccLocalPath1 = WebAPI_PatchExample
		SccProjectUniqueName2 = PatchExampleDataLayer\\PatchExampleDataLayer.csproj
		SccProjectName2 = PatchExampleDataLayer
		SccLocalPath2 = PatchExampleDataLayer
	EndGlobalSection
EndGlobal
